
Microsoft Visual Studio Solution File, Format Version 12.00
# Visual Studio 14
VisualStudioVersion = 14.0.25420.1
MinimumVisualStudioVersion = 10.0.40219.1
Project("{FAE04EC0-301F-11D3-BF4B-00C04F79EFBC}") = "Ragnaros", "Ragnaros\Ragnaros.csproj", "{C7AD61FB-860E-4D91-AC57-423ED0586255}"
EndProject
Project("{FAE04EC0-301F-11D3-BF4B-00C04F79EFBC}") = "Engine", "Engine\Engine.csproj", "{3E3011D1-73F1-4C5E-9569-B3C904652328}"
EndProject
Global
	GlobalSection(SolutionConfigurationPlatforms) = preSolution
		Debug|Any CPU = Debug|Any CPU
		Release|Any CPU = Release|Any CPU
	EndGlobalSection
	GlobalSection(ProjectConfigurationPlatforms) = postSolution
		{C7AD61FB-860E-4D91-AC57-423ED0586255}.Debug|Any CPU.ActiveCfg = Debug|Any CPU
		{C7AD61FB-860E-4D91-AC57-423ED0586255}.Debug|Any CPU.Build.0 = Debug|Any CPU
		{C7AD61FB-860E-4D91-AC57-423ED0586255}.Release|Any CPU.ActiveCfg = Release|Any CPU
		{C7AD61FB-860E-4D91-AC57-423ED0586255}.Release|Any CPU.Build.0 = Release|Any CPU
		{3E3011D1-73F1-4C5E-9569-B3C904652328}.Debug|Any CPU.ActiveCfg = Debug|Any CPU
		{3E3011D1-73F1-4C5E-9569-B3C904652328}.Debug|Any CPU.Build.0 = Debug|Any CPU
		{3E3011D1-73F1-4C5E-9569-B3C904652328}.Release|Any CPU.ActiveCfg = Release|Any CPU
		{3E3011D1-73F1-4C5E-9569-B3C904652328}.Release|Any CPU.Build.0 = Release|Any CPU
	EndGlobalSection
	GlobalSection(SolutionProperties) = preSolution
		HideSolutionNode = FALSE
	EndGlobalSection
EndGlobal
